# This file is generated by running "yarn install" inside your project.
# Manual changes might be lost - proceed with caution!

__metadata:
  version: 6
  cacheKey: 8

"@cspotcode/source-map-support@npm:^0.8.0":
  version: 0.8.1
  resolution: "@cspotcode/source-map-support@npm:0.8.1"
  dependencies:
    "@jridgewell/trace-mapping": 0.3.9
  checksum: 5718f267085ed8edb3e7ef210137241775e607ee18b77d95aa5bd7514f47f5019aa2d82d96b3bf342ef7aa890a346fa1044532ff7cc3009e7d24fce3ce6200fa
  languageName: node
  linkType: hard

"@ethersproject/abi@npm:5.7.0, @ethersproject/abi@npm:^5.7.0":
  version: 5.7.0
  resolution: "@ethersproject/abi@npm:5.7.0"
  dependencies:
    "@ethersproject/address": ^5.7.0
    "@ethersproject/bignumber": ^5.7.0
    "@ethersproject/bytes": ^5.7.0
    "@ethersproject/constants": ^5.7.0
    "@ethersproject/hash": ^5.7.0
    "@ethersproject/keccak256": ^5.7.0
    "@ethersproject/logger": ^5.7.0
    "@ethersproject/properties": ^5.7.0
    "@ethersproject/strings": ^5.7.0
  checksum: bc6962bb6cb854e4d2a4d65b2c49c716477675b131b1363312234bdbb7e19badb7d9ce66f4ca2a70ae2ea84f7123dbc4e300a1bfe5d58864a7eafabc1466627e
  languageName: node
  linkType: hard

"@ethersproject/abstract-provider@npm:5.7.0, @ethersproject/abstract-provider@npm:^5.7.0":
  version: 5.7.0
  resolution: "@ethersproject/abstract-provider@npm:5.7.0"
  dependencies:
    "@ethersproject/bignumber": ^5.7.0
    "@ethersproject/bytes": ^5.7.0
    "@ethersproject/logger": ^5.7.0
    "@ethersproject/networks": ^5.7.0
    "@ethersproject/properties": ^5.7.0
    "@ethersproject/transactions": ^5.7.0
    "@ethersproject/web": ^5.7.0
  checksum: 74cf4696245cf03bb7cc5b6cbf7b4b89dd9a79a1c4688126d214153a938126d4972d42c93182198653ce1de35f2a2cad68be40337d4774b3698a39b28f0228a8
  languageName: node
  linkType: hard

"@ethersproject/abstract-signer@npm:5.7.0, @ethersproject/abstract-signer@npm:^5.7.0":
  version: 5.7.0
  resolution: "@ethersproject/abstract-signer@npm:5.7.0"
  dependencies:
    "@ethersproject/abstract-provider": ^5.7.0
    "@ethersproject/bignumber": ^5.7.0
    "@ethersproject/bytes": ^5.7.0
    "@ethersproject/logger": ^5.7.0
    "@ethersproject/properties": ^5.7.0
  checksum: a823dac9cfb761e009851050ebebd5b229d1b1cc4a75b125c2da130ff37e8218208f7f9d1386f77407705b889b23d4a230ad67185f8872f083143e0073cbfbe3
  languageName: node
  linkType: hard

"@ethersproject/address@npm:5.7.0, @ethersproject/address@npm:^5.7.0":
  version: 5.7.0
  resolution: "@ethersproject/address@npm:5.7.0"
  dependencies:
    "@ethersproject/bignumber": ^5.7.0
    "@ethersproject/bytes": ^5.7.0
    "@ethersproject/keccak256": ^5.7.0
    "@ethersproject/logger": ^5.7.0
    "@ethersproject/rlp": ^5.7.0
  checksum: 64ea5ebea9cc0e845c413e6cb1e54e157dd9fc0dffb98e239d3a3efc8177f2ff798cd4e3206cf3660ee8faeb7bef1a47dc0ebef0d7b132c32e61e550c7d4c843
  languageName: node
  linkType: hard

"@ethersproject/base64@npm:5.7.0, @ethersproject/base64@npm:^5.7.0":
  version: 5.7.0
  resolution: "@ethersproject/base64@npm:5.7.0"
  dependencies:
    "@ethersproject/bytes": ^5.7.0
  checksum: 7dd5d734d623582f08f665434f53685041a3d3b334a0e96c0c8afa8bbcaab934d50e5b6b980e826a8fde8d353e0b18f11e61faf17468177274b8e7c69cd9742b
  languageName: node
  linkType: hard

"@ethersproject/basex@npm:5.7.0, @ethersproject/basex@npm:^5.7.0":
  version: 5.7.0
  resolution: "@ethersproject/basex@npm:5.7.0"
  dependencies:
    "@ethersproject/bytes": ^5.7.0
    "@ethersproject/properties": ^5.7.0
  checksum: 326087b7e1f3787b5fe6cd1cf2b4b5abfafbc355a45e88e22e5e9d6c845b613ffc5301d629b28d5c4d5e2bfe9ec424e6782c804956dff79be05f0098cb5817de
  languageName: node
  linkType: hard

"@ethersproject/bignumber@npm:5.7.0, @ethersproject/bignumber@npm:^5.7.0":
  version: 5.7.0
  resolution: "@ethersproject/bignumber@npm:5.7.0"
  dependencies:
    "@ethersproject/bytes": ^5.7.0
    "@ethersproject/logger": ^5.7.0
    bn.js: ^5.2.1
  checksum: 8c9a134b76f3feb4ec26a5a27379efb4e156b8fb2de0678a67788a91c7f4e30abe9d948638458e4b20f2e42380da0adacc7c9389d05fce070692edc6ae9b4904
  languageName: node
  linkType: hard

"@ethersproject/bytes@npm:5.7.0, @ethersproject/bytes@npm:^5.7.0":
  version: 5.7.0
  resolution: "@ethersproject/bytes@npm:5.7.0"
  dependencies:
    "@ethersproject/logger": ^5.7.0
  checksum: 66ad365ceaab5da1b23b72225c71dce472cf37737af5118181fa8ab7447d696bea15ca22e3a0e8836fdd8cfac161afe321a7c67d0dde96f9f645ddd759676621
  languageName: node
  linkType: hard

"@ethersproject/constants@npm:5.7.0, @ethersproject/constants@npm:^5.7.0":
  version: 5.7.0
  resolution: "@ethersproject/constants@npm:5.7.0"
  dependencies:
    "@ethersproject/bignumber": ^5.7.0
  checksum: 6d4b1355747cce837b3e76ec3bde70e4732736f23b04f196f706ebfa5d4d9c2be50904a390d4d40ce77803b98d03d16a9b6898418e04ba63491933ce08c4ba8a
  languageName: node
  linkType: hard

"@ethersproject/contracts@npm:5.7.0, @ethersproject/contracts@npm:^5.7.0":
  version: 5.7.0
  resolution: "@ethersproject/contracts@npm:5.7.0"
  dependencies:
    "@ethersproject/abi": ^5.7.0
    "@ethersproject/abstract-provider": ^5.7.0
    "@ethersproject/abstract-signer": ^5.7.0
    "@ethersproject/address": ^5.7.0
    "@ethersproject/bignumber": ^5.7.0
    "@ethersproject/bytes": ^5.7.0
    "@ethersproject/constants": ^5.7.0
    "@ethersproject/logger": ^5.7.0
    "@ethersproject/properties": ^5.7.0
    "@ethersproject/transactions": ^5.7.0
  checksum: 6ccf1121cba01b31e02f8c507cb971ab6bfed85706484a9ec09878ef1594a62215f43c4fdef8f4a4875b99c4a800bc95e3be69b1803f8ce479e07634b5a740c0
  languageName: node
  linkType: hard

"@ethersproject/hash@npm:5.7.0, @ethersproject/hash@npm:^5.7.0":
  version: 5.7.0
  resolution: "@ethersproject/hash@npm:5.7.0"
  dependencies:
    "@ethersproject/abstract-signer": ^5.7.0
    "@ethersproject/address": ^5.7.0
    "@ethersproject/base64": ^5.7.0
    "@ethersproject/bignumber": ^5.7.0
    "@ethersproject/bytes": ^5.7.0
    "@ethersproject/keccak256": ^5.7.0
    "@ethersproject/logger": ^5.7.0
    "@ethersproject/properties": ^5.7.0
    "@ethersproject/strings": ^5.7.0
  checksum: 6e9fa8d14eb08171cd32f17f98cc108ec2aeca74a427655f0d689c550fee0b22a83b3b400fad7fb3f41cf14d4111f87f170aa7905bcbcd1173a55f21b06262ef
  languageName: node
  linkType: hard

"@ethersproject/hdnode@npm:5.7.0, @ethersproject/hdnode@npm:^5.7.0":
  version: 5.7.0
  resolution: "@ethersproject/hdnode@npm:5.7.0"
  dependencies:
    "@ethersproject/abstract-signer": ^5.7.0
    "@ethersproject/basex": ^5.7.0
    "@ethersproject/bignumber": ^5.7.0
    "@ethersproject/bytes": ^5.7.0
    "@ethersproject/logger": ^5.7.0
    "@ethersproject/pbkdf2": ^5.7.0
    "@ethersproject/properties": ^5.7.0
    "@ethersproject/sha2": ^5.7.0
    "@ethersproject/signing-key": ^5.7.0
    "@ethersproject/strings": ^5.7.0
    "@ethersproject/transactions": ^5.7.0
    "@ethersproject/wordlists": ^5.7.0
  checksum: bfe5ca2d89a42de73655f853170ef4766b933c5f481cddad709b3aca18823275b096e572f92d1602a052f80b426edde44ad6b9d028799775a7dad4a5bbed2133
  languageName: node
  linkType: hard

"@ethersproject/json-wallets@npm:5.7.0, @ethersproject/json-wallets@npm:^5.7.0":
  version: 5.7.0
  resolution: "@ethersproject/json-wallets@npm:5.7.0"
  dependencies:
    "@ethersproject/abstract-signer": ^5.7.0
    "@ethersproject/address": ^5.7.0
    "@ethersproject/bytes": ^5.7.0
    "@ethersproject/hdnode": ^5.7.0
    "@ethersproject/keccak256": ^5.7.0
    "@ethersproject/logger": ^5.7.0
    "@ethersproject/pbkdf2": ^5.7.0
    "@ethersproject/properties": ^5.7.0
    "@ethersproject/random": ^5.7.0
    "@ethersproject/strings": ^5.7.0
    "@ethersproject/transactions": ^5.7.0
    aes-js: 3.0.0
    scrypt-js: 3.0.1
  checksum: f583458d22db62efaaf94d38dd243482776a45bf90f9f3882fbad5aa0b8fd288b41eb7c1ff8ec0b99c9b751088e43d6173530db64dd33c59f9d8daa8d7ad5aa2
  languageName: node
  linkType: hard

"@ethersproject/keccak256@npm:5.7.0, @ethersproject/keccak256@npm:^5.7.0":
  version: 5.7.0
  resolution: "@ethersproject/keccak256@npm:5.7.0"
  dependencies:
    "@ethersproject/bytes": ^5.7.0
    js-sha3: 0.8.0
  checksum: ff70950d82203aab29ccda2553422cbac2e7a0c15c986bd20a69b13606ed8bb6e4fdd7b67b8d3b27d4f841e8222cbaccd33ed34be29f866fec7308f96ed244c6
  languageName: node
  linkType: hard

"@ethersproject/logger@npm:5.7.0, @ethersproject/logger@npm:^5.7.0":
  version: 5.7.0
  resolution: "@ethersproject/logger@npm:5.7.0"
  checksum: 075ab2f605f1fd0813f2e39c3308f77b44a67732b36e712d9bc085f22a84aac4da4f71b39bee50fe78da3e1c812673fadc41180c9970fe5e486e91ea17befe0d
  languageName: node
  linkType: hard

"@ethersproject/networks@npm:5.7.1, @ethersproject/networks@npm:^5.7.0":
  version: 5.7.1
  resolution: "@ethersproject/networks@npm:5.7.1"
  dependencies:
    "@ethersproject/logger": ^5.7.0
  checksum: 0339f312304c17d9a0adce550edb825d4d2c8c9468c1634c44172c67a9ed256f594da62c4cda5c3837a0f28b7fabc03aca9b492f68ff1fdad337ee861b27bd5d
  languageName: node
  linkType: hard

"@ethersproject/pbkdf2@npm:5.7.0, @ethersproject/pbkdf2@npm:^5.7.0":
  version: 5.7.0
  resolution: "@ethersproject/pbkdf2@npm:5.7.0"
  dependencies:
    "@ethersproject/bytes": ^5.7.0
    "@ethersproject/sha2": ^5.7.0
  checksum: b895adb9e35a8a127e794f7aadc31a2424ef355a70e51cde10d457e3e888bb8102373199a540cf61f2d6b9a32e47358f9c65b47d559f42bf8e596b5fd67901e9
  languageName: node
  linkType: hard

"@ethersproject/properties@npm:5.7.0, @ethersproject/properties@npm:^5.7.0":
  version: 5.7.0
  resolution: "@ethersproject/properties@npm:5.7.0"
  dependencies:
    "@ethersproject/logger": ^5.7.0
  checksum: 6ab0ccf0c3aadc9221e0cdc5306ce6cd0df7f89f77d77bccdd1277182c9ead0202cd7521329ba3acde130820bf8af299e17cf567d0d497c736ee918207bbf59f
  languageName: node
  linkType: hard

"@ethersproject/providers@npm:5.7.2":
  version: 5.7.2
  resolution: "@ethersproject/providers@npm:5.7.2"
  dependencies:
    "@ethersproject/abstract-provider": ^5.7.0
    "@ethersproject/abstract-signer": ^5.7.0
    "@ethersproject/address": ^5.7.0
    "@ethersproject/base64": ^5.7.0
    "@ethersproject/basex": ^5.7.0
    "@ethersproject/bignumber": ^5.7.0
    "@ethersproject/bytes": ^5.7.0
    "@ethersproject/constants": ^5.7.0
    "@ethersproject/hash": ^5.7.0
    "@ethersproject/logger": ^5.7.0
    "@ethersproject/networks": ^5.7.0
    "@ethersproject/properties": ^5.7.0
    "@ethersproject/random": ^5.7.0
    "@ethersproject/rlp": ^5.7.0
    "@ethersproject/sha2": ^5.7.0
    "@ethersproject/strings": ^5.7.0
    "@ethersproject/transactions": ^5.7.0
    "@ethersproject/web": ^5.7.0
    bech32: 1.1.4
    ws: 7.4.6
  checksum: 1754c731a5ca6782ae9677f4a9cd8b6246c4ef21a966c9a01b133750f3c578431ec43ec254e699969c4a0f87e84463ded50f96b415600aabd37d2056aee58c19
  languageName: node
  linkType: hard

"@ethersproject/random@npm:5.7.0, @ethersproject/random@npm:^5.7.0":
  version: 5.7.0
  resolution: "@ethersproject/random@npm:5.7.0"
  dependencies:
    "@ethersproject/bytes": ^5.7.0
    "@ethersproject/logger": ^5.7.0
  checksum: 017829c91cff6c76470852855108115b0b52c611b6be817ed1948d56ba42d6677803ec2012aa5ae298a7660024156a64c11fcf544e235e239ab3f89f0fff7345
  languageName: node
  linkType: hard

"@ethersproject/rlp@npm:5.7.0, @ethersproject/rlp@npm:^5.7.0":
  version: 5.7.0
  resolution: "@ethersproject/rlp@npm:5.7.0"
  dependencies:
    "@ethersproject/bytes": ^5.7.0
    "@ethersproject/logger": ^5.7.0
  checksum: bce165b0f7e68e4d091c9d3cf47b247cac33252df77a095ca4281d32d5eeaaa3695d9bc06b2b057c5015353a68df89f13a4a54a72e888e4beeabbe56b15dda6e
  languageName: node
  linkType: hard

"@ethersproject/sha2@npm:5.7.0, @ethersproject/sha2@npm:^5.7.0":
  version: 5.7.0
  resolution: "@ethersproject/sha2@npm:5.7.0"
  dependencies:
    "@ethersproject/bytes": ^5.7.0
    "@ethersproject/logger": ^5.7.0
    hash.js: 1.1.7
  checksum: 09321057c022effbff4cc2d9b9558228690b5dd916329d75c4b1ffe32ba3d24b480a367a7cc92d0f0c0b1c896814d03351ae4630e2f1f7160be2bcfbde435dbc
  languageName: node
  linkType: hard

"@ethersproject/signing-key@npm:5.7.0, @ethersproject/signing-key@npm:^5.7.0":
  version: 5.7.0
  resolution: "@ethersproject/signing-key@npm:5.7.0"
  dependencies:
    "@ethersproject/bytes": ^5.7.0
    "@ethersproject/logger": ^5.7.0
    "@ethersproject/properties": ^5.7.0
    bn.js: ^5.2.1
    elliptic: 6.5.4
    hash.js: 1.1.7
  checksum: 8f8de09b0aac709683bbb49339bc0a4cd2f95598f3546436c65d6f3c3a847ffa98e06d35e9ed2b17d8030bd2f02db9b7bd2e11c5cf8a71aad4537487ab4cf03a
  languageName: node
  linkType: hard

"@ethersproject/solidity@npm:5.7.0":
  version: 5.7.0
  resolution: "@ethersproject/solidity@npm:5.7.0"
  dependencies:
    "@ethersproject/bignumber": ^5.7.0
    "@ethersproject/bytes": ^5.7.0
    "@ethersproject/keccak256": ^5.7.0
    "@ethersproject/logger": ^5.7.0
    "@ethersproject/sha2": ^5.7.0
    "@ethersproject/strings": ^5.7.0
  checksum: 9a02f37f801c96068c3e7721f83719d060175bc4e80439fe060e92bd7acfcb6ac1330c7e71c49f4c2535ca1308f2acdcb01e00133129aac00581724c2d6293f3
  languageName: node
  linkType: hard

"@ethersproject/strings@npm:5.7.0, @ethersproject/strings@npm:^5.7.0":
  version: 5.7.0
  resolution: "@ethersproject/strings@npm:5.7.0"
  dependencies:
    "@ethersproject/bytes": ^5.7.0
    "@ethersproject/constants": ^5.7.0
    "@ethersproject/logger": ^5.7.0
  checksum: 5ff78693ae3fdf3cf23e1f6dc047a61e44c8197d2408c42719fef8cb7b7b3613a4eec88ac0ed1f9f5558c74fe0de7ae3195a29ca91a239c74b9f444d8e8b50df
  languageName: node
  linkType: hard

"@ethersproject/transactions@npm:5.7.0, @ethersproject/transactions@npm:^5.7.0":
  version: 5.7.0
  resolution: "@ethersproject/transactions@npm:5.7.0"
  dependencies:
    "@ethersproject/address": ^5.7.0
    "@ethersproject/bignumber": ^5.7.0
    "@ethersproject/bytes": ^5.7.0
    "@ethersproject/constants": ^5.7.0
    "@ethersproject/keccak256": ^5.7.0
    "@ethersproject/logger": ^5.7.0
    "@ethersproject/properties": ^5.7.0
    "@ethersproject/rlp": ^5.7.0
    "@ethersproject/signing-key": ^5.7.0
  checksum: a31b71996d2b283f68486241bff0d3ea3f1ba0e8f1322a8fffc239ccc4f4a7eb2ea9994b8fd2f093283fd75f87bae68171e01b6265261f821369aca319884a79
  languageName: node
  linkType: hard

"@ethersproject/units@npm:5.7.0":
  version: 5.7.0
  resolution: "@ethersproject/units@npm:5.7.0"
  dependencies:
    "@ethersproject/bignumber": ^5.7.0
    "@ethersproject/constants": ^5.7.0
    "@ethersproject/logger": ^5.7.0
  checksum: 304714f848cd32e57df31bf545f7ad35c2a72adae957198b28cbc62166daa929322a07bff6e9c9ac4577ab6aa0de0546b065ed1b2d20b19e25748b7d475cb0fc
  languageName: node
  linkType: hard

"@ethersproject/wallet@npm:5.7.0":
  version: 5.7.0
  resolution: "@ethersproject/wallet@npm:5.7.0"
  dependencies:
    "@ethersproject/abstract-provider": ^5.7.0
    "@ethersproject/abstract-signer": ^5.7.0
    "@ethersproject/address": ^5.7.0
    "@ethersproject/bignumber": ^5.7.0
    "@ethersproject/bytes": ^5.7.0
    "@ethersproject/hash": ^5.7.0
    "@ethersproject/hdnode": ^5.7.0
    "@ethersproject/json-wallets": ^5.7.0
    "@ethersproject/keccak256": ^5.7.0
    "@ethersproject/logger": ^5.7.0
    "@ethersproject/properties": ^5.7.0
    "@ethersproject/random": ^5.7.0
    "@ethersproject/signing-key": ^5.7.0
    "@ethersproject/transactions": ^5.7.0
    "@ethersproject/wordlists": ^5.7.0
  checksum: a4009bf7331eddab38e3015b5e9101ef92de7f705b00a6196b997db0e5635b6d83561674d46c90c6f77b87c0500fe4a6b0183ba13749efc22db59c99deb82fbd
  languageName: node
  linkType: hard

"@ethersproject/web@npm:5.7.1, @ethersproject/web@npm:^5.7.0":
  version: 5.7.1
  resolution: "@ethersproject/web@npm:5.7.1"
  dependencies:
    "@ethersproject/base64": ^5.7.0
    "@ethersproject/bytes": ^5.7.0
    "@ethersproject/logger": ^5.7.0
    "@ethersproject/properties": ^5.7.0
    "@ethersproject/strings": ^5.7.0
  checksum: 7028c47103f82fd2e2c197ce0eecfacaa9180ffeec7de7845b1f4f9b19d84081b7a48227aaddde05a4aaa526af574a9a0ce01cc0fc75e3e371f84b38b5b16b2b
  languageName: node
  linkType: hard

"@ethersproject/wordlists@npm:5.7.0, @ethersproject/wordlists@npm:^5.7.0":
  version: 5.7.0
  resolution: "@ethersproject/wordlists@npm:5.7.0"
  dependencies:
    "@ethersproject/bytes": ^5.7.0
    "@ethersproject/hash": ^5.7.0
    "@ethersproject/logger": ^5.7.0
    "@ethersproject/properties": ^5.7.0
    "@ethersproject/strings": ^5.7.0
  checksum: 30eb6eb0731f9ef5faa44bf9c0c6e950bcaaef61e4d2d9ce0ae6d341f4e2d6d1f4ab4f8880bfce03b7aac4b862fb740e1421170cfbf8e2aafc359277d49e6e97
  languageName: node
  linkType: hard

"@jridgewell/resolve-uri@npm:^3.0.3":
  version: 3.1.0
  resolution: "@jridgewell/resolve-uri@npm:3.1.0"
  checksum: b5ceaaf9a110fcb2780d1d8f8d4a0bfd216702f31c988d8042e5f8fbe353c55d9b0f55a1733afdc64806f8e79c485d2464680ac48a0d9fcadb9548ee6b81d267
  languageName: node
  linkType: hard

"@jridgewell/sourcemap-codec@npm:^1.4.10":
  version: 1.4.14
  resolution: "@jridgewell/sourcemap-codec@npm:1.4.14"
  checksum: 61100637b6d173d3ba786a5dff019e1a74b1f394f323c1fee337ff390239f053b87266c7a948777f4b1ee68c01a8ad0ab61e5ff4abb5a012a0b091bec391ab97
  languageName: node
  linkType: hard

"@jridgewell/trace-mapping@npm:0.3.9":
  version: 0.3.9
  resolution: "@jridgewell/trace-mapping@npm:0.3.9"
  dependencies:
    "@jridgewell/resolve-uri": ^3.0.3
    "@jridgewell/sourcemap-codec": ^1.4.10
  checksum: d89597752fd88d3f3480845691a05a44bd21faac18e2185b6f436c3b0fd0c5a859fbbd9aaa92050c4052caf325ad3e10e2e1d1b64327517471b7d51babc0ddef
  languageName: node
  linkType: hard

"@lifi/sdk@npm:^1.7.2":
  version: 1.7.2
  resolution: "@lifi/sdk@npm:1.7.2"
  dependencies:
    "@ethersproject/abi": ^5.7.0
    "@ethersproject/contracts": ^5.7.0
    "@lifi/types": ^1.19.0
    axios: 1.1.3
    bignumber.js: ^9.1.1
    eth-rpc-errors: ^4.0.3
    ethers: ^5.7.2
  checksum: e036bfebdff7b7b12dfb2d1f333d1dd890ab8d86bed7333930bfd3906de0a877ec63292a666bb8d1a47570240fed20dac1877e555d0d021fc0111732b8deb87d
  languageName: node
  linkType: hard

"@lifi/types@npm:^1.19.0":
  version: 1.24.0
  resolution: "@lifi/types@npm:1.24.0"
  dependencies:
    ethers: ^5.7.2
  checksum: 45fa0f1c2b57396de36f838d1cb117f02b28cfbfbb05f25c30f3cc20ff83d01b156f4eeddbf9082308b97765cfc2ddd1328c1c49020b83def4bd3d1664da9675
  languageName: node
  linkType: hard

"@tsconfig/node10@npm:^1.0.7":
  version: 1.0.9
  resolution: "@tsconfig/node10@npm:1.0.9"
  checksum: a33ae4dc2a621c0678ac8ac4bceb8e512ae75dac65417a2ad9b022d9b5411e863c4c198b6ba9ef659e14b9fb609bbec680841a2e84c1172df7a5ffcf076539df
  languageName: node
  linkType: hard

"@tsconfig/node12@npm:^1.0.7":
  version: 1.0.11
  resolution: "@tsconfig/node12@npm:1.0.11"
  checksum: 5ce29a41b13e7897a58b8e2df11269c5395999e588b9a467386f99d1d26f6c77d1af2719e407621412520ea30517d718d5192a32403b8dfcc163bf33e40a338a
  languageName: node
  linkType: hard

"@tsconfig/node14@npm:^1.0.0":
  version: 1.0.3
  resolution: "@tsconfig/node14@npm:1.0.3"
  checksum: 19275fe80c4c8d0ad0abed6a96dbf00642e88b220b090418609c4376e1cef81bf16237bf170ad1b341452feddb8115d8dd2e5acdfdea1b27422071163dc9ba9d
  languageName: node
  linkType: hard

"@tsconfig/node16@npm:^1.0.2":
  version: 1.0.3
  resolution: "@tsconfig/node16@npm:1.0.3"
  checksum: 3a8b657dd047495b7ad23437d6afd20297ce90380ff0bdee93fc7d39a900dbd8d9e26e53ff6b465e7967ce2adf0b218782590ce9013285121e6a5928fbd6819f
  languageName: node
  linkType: hard

"@types/node@npm:^18.11.17":
  version: 18.11.17
  resolution: "@types/node@npm:18.11.17"
  checksum: 1933afd068d5c75c068c6c4df6d10edb3b0b2bb6503d544e2f0496ac007c90596e6a5e284a8ef032451bc16f871b7e46719d7d2bea60e9b25d13a77d52161cac
  languageName: node
  linkType: hard

"acorn-walk@npm:^8.1.1":
  version: 8.2.0
  resolution: "acorn-walk@npm:8.2.0"
  checksum: 1715e76c01dd7b2d4ca472f9c58968516a4899378a63ad5b6c2d668bba8da21a71976c14ec5f5b75f887b6317c4ae0b897ab141c831d741dc76024d8745f1ad1
  languageName: node
  linkType: hard

"acorn@npm:^8.4.1":
  version: 8.8.0
  resolution: "acorn@npm:8.8.0"
  bin:
    acorn: bin/acorn
  checksum: 7270ca82b242eafe5687a11fea6e088c960af712683756abf0791b68855ea9cace3057bd5e998ffcef50c944810c1e0ca1da526d02b32110e13c722aa959afdc
  languageName: node
  linkType: hard

"aes-js@npm:3.0.0":
  version: 3.0.0
  resolution: "aes-js@npm:3.0.0"
  checksum: 251e26d533cd1a915b44896b17d5ed68c24a02484cfdd2e74ec700a309267db96651ea4eb657bf20aac32a3baa61f6e34edf8e2fec2de440a655da9942d334b8
  languageName: node
  linkType: hard

"arg@npm:^4.1.0":
  version: 4.1.3
  resolution: "arg@npm:4.1.3"
  checksum: 544af8dd3f60546d3e4aff084d451b96961d2267d668670199692f8d054f0415d86fc5497d0e641e91546f0aa920e7c29e5250e99fc89f5552a34b5d93b77f43
  languageName: node
  linkType: hard

"asynckit@npm:^0.4.0":
  version: 0.4.0
  resolution: "asynckit@npm:0.4.0"
  checksum: 7b78c451df768adba04e2d02e63e2d0bf3b07adcd6e42b4cf665cb7ce899bedd344c69a1dcbce355b5f972d597b25aaa1c1742b52cffd9caccb22f348114f6be
  languageName: node
  linkType: hard

"axios@npm:1.1.3":
  version: 1.1.3
  resolution: "axios@npm:1.1.3"
  dependencies:
    follow-redirects: ^1.15.0
    form-data: ^4.0.0
    proxy-from-env: ^1.1.0
  checksum: cab3b17bf6092c9387f7023d699db093cfa23650b56c4422cd474d124b78b2e3b5a520f932c330664a58ab85b867b1c25a95cace475ef72d236888c852b84e6d
  languageName: node
  linkType: hard

"bech32@npm:1.1.4":
  version: 1.1.4
  resolution: "bech32@npm:1.1.4"
  checksum: 0e98db619191548390d6f09ff68b0253ba7ae6a55db93dfdbb070ba234c1fd3308c0606fbcc95fad50437227b10011e2698b89f0181f6e7f845c499bd14d0f4b
  languageName: node
  linkType: hard

"bignumber.js@npm:^9.1.1":
  version: 9.1.1
  resolution: "bignumber.js@npm:9.1.1"
  checksum: ad243b7e2f9120b112d670bb3d674128f0bd2ca1745b0a6c9df0433bd2c0252c43e6315d944c2ac07b4c639e7496b425e46842773cf89c6a2dcd4f31e5c4b11e
  languageName: node
  linkType: hard

"bn.js@npm:^4.11.9":
  version: 4.12.0
  resolution: "bn.js@npm:4.12.0"
  checksum: 39afb4f15f4ea537b55eaf1446c896af28ac948fdcf47171961475724d1bb65118cca49fa6e3d67706e4790955ec0e74de584e45c8f1ef89f46c812bee5b5a12
  languageName: node
  linkType: hard

"bn.js@npm:^5.2.1":
  version: 5.2.1
  resolution: "bn.js@npm:5.2.1"
  checksum: 3dd8c8d38055fedfa95c1d5fc3c99f8dd547b36287b37768db0abab3c239711f88ff58d18d155dd8ad902b0b0cee973747b7ae20ea12a09473272b0201c9edd3
  languageName: node
  linkType: hard

"brorand@npm:^1.1.0":
  version: 1.1.0
  resolution: "brorand@npm:1.1.0"
  checksum: 8a05c9f3c4b46572dec6ef71012b1946db6cae8c7bb60ccd4b7dd5a84655db49fe043ecc6272e7ef1f69dc53d6730b9e2a3a03a8310509a3d797a618cbee52be
  languageName: node
  linkType: hard

"combined-stream@npm:^1.0.8":
  version: 1.0.8
  resolution: "combined-stream@npm:1.0.8"
  dependencies:
    delayed-stream: ~1.0.0
  checksum: 49fa4aeb4916567e33ea81d088f6584749fc90c7abec76fd516bf1c5aa5c79f3584b5ba3de6b86d26ddd64bae5329c4c7479343250cfe71c75bb366eae53bb7c
  languageName: node
  linkType: hard

"create-require@npm:^1.1.0":
  version: 1.1.1
  resolution: "create-require@npm:1.1.1"
  checksum: a9a1503d4390d8b59ad86f4607de7870b39cad43d929813599a23714831e81c520bddf61bcdd1f8e30f05fd3a2b71ae8538e946eb2786dc65c2bbc520f692eff
  languageName: node
  linkType: hard

"delayed-stream@npm:~1.0.0":
  version: 1.0.0
  resolution: "delayed-stream@npm:1.0.0"
  checksum: 46fe6e83e2cb1d85ba50bd52803c68be9bd953282fa7096f51fc29edd5d67ff84ff753c51966061e5ba7cb5e47ef6d36a91924eddb7f3f3483b1c560f77a0020
  languageName: node
  linkType: hard

"diff@npm:^4.0.1":
  version: 4.0.2
  resolution: "diff@npm:4.0.2"
  checksum: f2c09b0ce4e6b301c221addd83bf3f454c0bc00caa3dd837cf6c127d6edf7223aa2bbe3b688feea110b7f262adbfc845b757c44c8a9f8c0c5b15d8fa9ce9d20d
  languageName: node
  linkType: hard

"elliptic@npm:6.5.4":
  version: 6.5.4
  resolution: "elliptic@npm:6.5.4"
  dependencies:
    bn.js: ^4.11.9
    brorand: ^1.1.0
    hash.js: ^1.0.0
    hmac-drbg: ^1.0.1
    inherits: ^2.0.4
    minimalistic-assert: ^1.0.1
    minimalistic-crypto-utils: ^1.0.1
  checksum: d56d21fd04e97869f7ffcc92e18903b9f67f2d4637a23c860492fbbff5a3155fd9ca0184ce0c865dd6eb2487d234ce9551335c021c376cd2d3b7cb749c7d10f4
  languageName: node
  linkType: hard

"eth-rpc-errors@npm:^4.0.3":
  version: 4.0.3
  resolution: "eth-rpc-errors@npm:4.0.3"
  dependencies:
    fast-safe-stringify: ^2.0.6
  checksum: 5fa31d1a10fdb340733b9a55e38e7687222c501052ca20743cef4d0c911a9bbcc0cad54aa6bf3e4b428604c071ff519803060e1cbc79ddb7c9257c11d407d32a
  languageName: node
  linkType: hard

"ethers@npm:^5.7.2":
  version: 5.7.2
  resolution: "ethers@npm:5.7.2"
  dependencies:
    "@ethersproject/abi": 5.7.0
    "@ethersproject/abstract-provider": 5.7.0
    "@ethersproject/abstract-signer": 5.7.0
    "@ethersproject/address": 5.7.0
    "@ethersproject/base64": 5.7.0
    "@ethersproject/basex": 5.7.0
    "@ethersproject/bignumber": 5.7.0
    "@ethersproject/bytes": 5.7.0
    "@ethersproject/constants": 5.7.0
    "@ethersproject/contracts": 5.7.0
    "@ethersproject/hash": 5.7.0
    "@ethersproject/hdnode": 5.7.0
    "@ethersproject/json-wallets": 5.7.0
    "@ethersproject/keccak256": 5.7.0
    "@ethersproject/logger": 5.7.0
    "@ethersproject/networks": 5.7.1
    "@ethersproject/pbkdf2": 5.7.0
    "@ethersproject/properties": 5.7.0
    "@ethersproject/providers": 5.7.2
    "@ethersproject/random": 5.7.0
    "@ethersproject/rlp": 5.7.0
    "@ethersproject/sha2": 5.7.0
    "@ethersproject/signing-key": 5.7.0
    "@ethersproject/solidity": 5.7.0
    "@ethersproject/strings": 5.7.0
    "@ethersproject/transactions": 5.7.0
    "@ethersproject/units": 5.7.0
    "@ethersproject/wallet": 5.7.0
    "@ethersproject/web": 5.7.1
    "@ethersproject/wordlists": 5.7.0
  checksum: b7c08cf3e257185a7946117dbbf764433b7ba0e77c27298dec6088b3bc871aff711462b0621930c56880ff0a7ceb8b1d3a361ffa259f93377b48e34107f62553
  languageName: node
  linkType: hard

"fast-safe-stringify@npm:^2.0.6":
  version: 2.1.1
  resolution: "fast-safe-stringify@npm:2.1.1"
  checksum: a851cbddc451745662f8f00ddb622d6766f9bd97642dabfd9a405fb0d646d69fc0b9a1243cbf67f5f18a39f40f6fa821737651ff1bceeba06c9992ca2dc5bd3d
  languageName: node
  linkType: hard

"follow-redirects@npm:^1.15.0":
  version: 1.15.2
  resolution: "follow-redirects@npm:1.15.2"
  peerDependenciesMeta:
    debug:
      optional: true
  checksum: faa66059b66358ba65c234c2f2a37fcec029dc22775f35d9ad6abac56003268baf41e55f9ee645957b32c7d9f62baf1f0b906e68267276f54ec4b4c597c2b190
  languageName: node
  linkType: hard

"form-data@npm:^4.0.0":
  version: 4.0.0
  resolution: "form-data@npm:4.0.0"
  dependencies:
    asynckit: ^0.4.0
    combined-stream: ^1.0.8
    mime-types: ^2.1.12
  checksum: 01135bf8675f9d5c61ff18e2e2932f719ca4de964e3be90ef4c36aacfc7b9cb2fceb5eca0b7e0190e3383fe51c5b37f4cb80b62ca06a99aaabfcfd6ac7c9328c
  languageName: node
  linkType: hard

"hash.js@npm:1.1.7, hash.js@npm:^1.0.0, hash.js@npm:^1.0.3":
  version: 1.1.7
  resolution: "hash.js@npm:1.1.7"
  dependencies:
    inherits: ^2.0.3
    minimalistic-assert: ^1.0.1
  checksum: e350096e659c62422b85fa508e4b3669017311aa4c49b74f19f8e1bc7f3a54a584fdfd45326d4964d6011f2b2d882e38bea775a96046f2a61b7779a979629d8f
  languageName: node
  linkType: hard

"hmac-drbg@npm:^1.0.1":
  version: 1.0.1
  resolution: "hmac-drbg@npm:1.0.1"
  dependencies:
    hash.js: ^1.0.3
    minimalistic-assert: ^1.0.0
    minimalistic-crypto-utils: ^1.0.1
  checksum: bd30b6a68d7f22d63f10e1888aee497d7c2c5c0bb469e66bbdac99f143904d1dfe95f8131f95b3e86c86dd239963c9d972fcbe147e7cffa00e55d18585c43fe0
  languageName: node
  linkType: hard

"inherits@npm:^2.0.3, inherits@npm:^2.0.4":
  version: 2.0.4
  resolution: "inherits@npm:2.0.4"
  checksum: 4a48a733847879d6cf6691860a6b1e3f0f4754176e4d71494c41f3475553768b10f84b5ce1d40fbd0e34e6bfbb864ee35858ad4dd2cf31e02fc4a154b724d7f1
  languageName: node
  linkType: hard

"js-sha3@npm:0.8.0":
  version: 0.8.0
  resolution: "js-sha3@npm:0.8.0"
  checksum: 75df77c1fc266973f06cce8309ce010e9e9f07ec35ab12022ed29b7f0d9c8757f5a73e1b35aa24840dced0dea7059085aa143d817aea9e188e2a80d569d9adce
  languageName: node
  linkType: hard

"lifi-sdk-node-sample@workspace:.":
  version: 0.0.0-use.local
  resolution: "lifi-sdk-node-sample@workspace:."
  dependencies:
    "@lifi/sdk": ^1.7.2
    "@types/node": ^18.11.17
    ts-node: ^10.8.2
    typescript: ^4.9.4
  languageName: unknown
  linkType: soft

"make-error@npm:^1.1.1":
  version: 1.3.6
  resolution: "make-error@npm:1.3.6"
  checksum: b86e5e0e25f7f777b77fabd8e2cbf15737972869d852a22b7e73c17623928fccb826d8e46b9951501d3f20e51ad74ba8c59ed584f610526a48f8ccf88aaec402
  languageName: node
  linkType: hard

"mime-db@npm:1.52.0":
  version: 1.52.0
  resolution: "mime-db@npm:1.52.0"
  checksum: 0d99a03585f8b39d68182803b12ac601d9c01abfa28ec56204fa330bc9f3d1c5e14beb049bafadb3dbdf646dfb94b87e24d4ec7b31b7279ef906a8ea9b6a513f
  languageName: node
  linkType: hard

"mime-types@npm:^2.1.12":
  version: 2.1.35
  resolution: "mime-types@npm:2.1.35"
  dependencies:
    mime-db: 1.52.0
  checksum: 89a5b7f1def9f3af5dad6496c5ed50191ae4331cc5389d7c521c8ad28d5fdad2d06fd81baf38fed813dc4e46bb55c8145bb0ff406330818c9cf712fb2e9b3836
  languageName: node
  linkType: hard

"minimalistic-assert@npm:^1.0.0, minimalistic-assert@npm:^1.0.1":
  version: 1.0.1
  resolution: "minimalistic-assert@npm:1.0.1"
  checksum: cc7974a9268fbf130fb055aff76700d7e2d8be5f761fb5c60318d0ed010d839ab3661a533ad29a5d37653133385204c503bfac995aaa4236f4e847461ea32ba7
  languageName: node
  linkType: hard

"minimalistic-crypto-utils@npm:^1.0.1":
  version: 1.0.1
  resolution: "minimalistic-crypto-utils@npm:1.0.1"
  checksum: 6e8a0422b30039406efd4c440829ea8f988845db02a3299f372fceba56ffa94994a9c0f2fd70c17f9969eedfbd72f34b5070ead9656a34d3f71c0bd72583a0ed
  languageName: node
  linkType: hard

"proxy-from-env@npm:^1.1.0":
  version: 1.1.0
  resolution: "proxy-from-env@npm:1.1.0"
  checksum: ed7fcc2ba0a33404958e34d95d18638249a68c430e30fcb6c478497d72739ba64ce9810a24f53a7d921d0c065e5b78e3822759800698167256b04659366ca4d4
  languageName: node
  linkType: hard

"scrypt-js@npm:3.0.1":
  version: 3.0.1
  resolution: "scrypt-js@npm:3.0.1"
  checksum: b7c7d1a68d6ca946f2fbb0778e0c4ec63c65501b54023b2af7d7e9f48fdb6c6580d6f7675cd53bda5944c5ebc057560d5a6365079752546865defb3b79dea454
  languageName: node
  linkType: hard

"ts-node@npm:^10.8.2":
  version: 10.9.1
  resolution: "ts-node@npm:10.9.1"
  dependencies:
    "@cspotcode/source-map-support": ^0.8.0
    "@tsconfig/node10": ^1.0.7
    "@tsconfig/node12": ^1.0.7
    "@tsconfig/node14": ^1.0.0
    "@tsconfig/node16": ^1.0.2
    acorn: ^8.4.1
    acorn-walk: ^8.1.1
    arg: ^4.1.0
    create-require: ^1.1.0
    diff: ^4.0.1
    make-error: ^1.1.1
    v8-compile-cache-lib: ^3.0.1
    yn: 3.1.1
  peerDependencies:
    "@swc/core": ">=1.2.50"
    "@swc/wasm": ">=1.2.50"
    "@types/node": "*"
    typescript: ">=2.7"
  peerDependenciesMeta:
    "@swc/core":
      optional: true
    "@swc/wasm":
      optional: true
  bin:
    ts-node: dist/bin.js
    ts-node-cwd: dist/bin-cwd.js
    ts-node-esm: dist/bin-esm.js
    ts-node-script: dist/bin-script.js
    ts-node-transpile-only: dist/bin-transpile.js
    ts-script: dist/bin-script-deprecated.js
  checksum: 090adff1302ab20bd3486e6b4799e90f97726ed39e02b39e566f8ab674fd5bd5f727f43615debbfc580d33c6d9d1c6b1b3ce7d8e3cca3e20530a145ffa232c35
  languageName: node
  linkType: hard

"typescript@npm:^4.9.4":
  version: 4.9.4
  resolution: "typescript@npm:4.9.4"
  bin:
    tsc: bin/tsc
    tsserver: bin/tsserver
  checksum: e782fb9e0031cb258a80000f6c13530288c6d63f1177ed43f770533fdc15740d271554cdae86701c1dd2c83b082cea808b07e97fd68b38a172a83dbf9e0d0ef9
  languageName: node
  linkType: hard

"typescript@patch:typescript@^4.9.4#~builtin<compat/typescript>":
  version: 4.9.4
  resolution: "typescript@patch:typescript@npm%3A4.9.4#~builtin<compat/typescript>::version=4.9.4&hash=23ec76"
  bin:
    tsc: bin/tsc
    tsserver: bin/tsserver
  checksum: 3e2ab0772908676d9b9cb83398c70003a3b08e1c6b3b122409df9f4b520f2fdaefa20c3d7d57dce283fed760ac94b3ce94d4a7fa875127b67852904425a1f0dc
  languageName: node
  linkType: hard

"v8-compile-cache-lib@npm:^3.0.1":
  version: 3.0.1
  resolution: "v8-compile-cache-lib@npm:3.0.1"
  checksum: 78089ad549e21bcdbfca10c08850022b22024cdcc2da9b168bcf5a73a6ed7bf01a9cebb9eac28e03cd23a684d81e0502797e88f3ccd27a32aeab1cfc44c39da0
  languageName: node
  linkType: hard

"ws@npm:7.4.6":
  version: 7.4.6
  resolution: "ws@npm:7.4.6"
  peerDependencies:
    bufferutil: ^4.0.1
    utf-8-validate: ^5.0.2
  peerDependenciesMeta:
    bufferutil:
      optional: true
    utf-8-validate:
      optional: true
  checksum: 3a990b32ed08c72070d5e8913e14dfcd831919205be52a3ff0b4cdd998c8d554f167c9df3841605cde8b11d607768cacab3e823c58c96a5c08c987e093eb767a
  languageName: node
  linkType: hard

"yn@npm:3.1.1":
  version: 3.1.1
  resolution: "yn@npm:3.1.1"
  checksum: 2c487b0e149e746ef48cda9f8bad10fc83693cd69d7f9dcd8be4214e985de33a29c9e24f3c0d6bcf2288427040a8947406ab27f7af67ee9456e6b84854f02dd6
  languageName: node
  linkType: hard
